// !$*UTF8*$!
{
	archiveVersion = 1;
	classes = {
	};
	objectVersion = 46;
	objects = {

/* Begin PBXBuildFile section */
		380B8FDB0315548983B3A03C /* Pods_Herd.framework in Frameworks */ = {isa = PBXBuildFile; fileRef = D32BD957D8D9742FE39165DB /* Pods_Herd.framework */; };
		752EE7251F29977A0017AFEA /* Comments_View_Controller.swift in Sources */ = {isa = PBXBuildFile; fileRef = 752EE7241F29977A0017AFEA /* Comments_View_Controller.swift */; };
		7539CCDF1F26E52D00DB2640 /* HerdTests.swift in Sources */ = {isa = PBXBuildFile; fileRef = 7539CCDE1F26E52D00DB2640 /* HerdTests.swift */; };
		753EC5B11F158FA500477726 /* Comment_View.swift in Sources */ = {isa = PBXBuildFile; fileRef = 753EC5B01F158FA500477726 /* Comment_View.swift */; };
		75467C411F1B029E00F8752B /* Constants.swift in Sources */ = {isa = PBXBuildFile; fileRef = 75467C401F1B029E00F8752B /* Constants.swift */; };
		B999CE711F217E68003428BD /* CommentCell.swift in Sources */ = {isa = PBXBuildFile; fileRef = B999CE701F217E68003428BD /* CommentCell.swift */; };
		B999CE731F217E73003428BD /* CommentsTableViewController.swift in Sources */ = {isa = PBXBuildFile; fileRef = B999CE721F217E73003428BD /* CommentsTableViewController.swift */; };
		F40A0B271F0F365B00D8F907 /* Login_Location_Pending.swift in Sources */ = {isa = PBXBuildFile; fileRef = F40A0B261F0F365B00D8F907 /* Login_Location_Pending.swift */; };
		F40A0B291F0F42CB00D8F907 /* Login_Location_Pulled.swift in Sources */ = {isa = PBXBuildFile; fileRef = F40A0B281F0F42CB00D8F907 /* Login_Location_Pulled.swift */; };
		F40A0B2D1F0FF87500D8F907 /* FuturaPTLight.otf in Resources */ = {isa = PBXBuildFile; fileRef = F40A0B2C1F0FF87500D8F907 /* FuturaPTLight.otf */; };
		F43677BF1F132B5F005AF4C5 /* GoogleService-Info.plist in Resources */ = {isa = PBXBuildFile; fileRef = F43677BE1F132B5F005AF4C5 /* GoogleService-Info.plist */; };
		F4616C851EFCF8DF007EE41F /* AppDelegate.swift in Sources */ = {isa = PBXBuildFile; fileRef = F4616C841EFCF8DF007EE41F /* AppDelegate.swift */; };
		F4616C8E1EFCF8DF007EE41F /* Main.storyboard in Resources */ = {isa = PBXBuildFile; fileRef = F4616C8C1EFCF8DF007EE41F /* Main.storyboard */; };
		F4616C901EFCF8DF007EE41F /* Assets.xcassets in Resources */ = {isa = PBXBuildFile; fileRef = F4616C8F1EFCF8DF007EE41F /* Assets.xcassets */; };
		F4616C931EFCF8DF007EE41F /* LaunchScreen.storyboard in Resources */ = {isa = PBXBuildFile; fileRef = F4616C911EFCF8DF007EE41F /* LaunchScreen.storyboard */; };
		F4934A601F10020B00A2F83E /* Welcome_Dialog_Container_View.swift in Sources */ = {isa = PBXBuildFile; fileRef = F4934A5F1F10020B00A2F83E /* Welcome_Dialog_Container_View.swift */; };
		F4A57BFF1F12DC85002E86F7 /* PostCell.swift in Sources */ = {isa = PBXBuildFile; fileRef = F4A57BFE1F12DC85002E86F7 /* PostCell.swift */; };
		F4ADBFFF1F1EA82400C02C13 /* CreatePostViewController.swift in Sources */ = {isa = PBXBuildFile; fileRef = F4ADBFFE1F1EA82400C02C13 /* CreatePostViewController.swift */; };
		F4D114C31F1EF936008B5986 /* PostStructure.swift in Sources */ = {isa = PBXBuildFile; fileRef = F4D114C21F1EF936008B5986 /* PostStructure.swift */; };
		F4D622801F1155BF00820C3C /* Navigation_Controller.swift in Sources */ = {isa = PBXBuildFile; fileRef = F4D6227F1F1155BF00820C3C /* Navigation_Controller.swift */; };
		F4D622821F1155F500820C3C /* Hot_or_New_Post_TableView.swift in Sources */ = {isa = PBXBuildFile; fileRef = F4D622811F1155F500820C3C /* Hot_or_New_Post_TableView.swift */; };
/* End PBXBuildFile section */

/* Begin PBXContainerItemProxy section */
		7539CCE11F26E52D00DB2640 /* PBXContainerItemProxy */ = {
			isa = PBXContainerItemProxy;
			containerPortal = F4616C791EFCF8DE007EE41F /* Project object */;
			proxyType = 1;
			remoteGlobalIDString = F4616C801EFCF8DF007EE41F;
			remoteInfo = Herd;
		};
/* End PBXContainerItemProxy section */

/* Begin PBXFileReference section */
		752EE7241F29977A0017AFEA /* Comments_View_Controller.swift */ = {isa = PBXFileReference; fileEncoding = 4; lastKnownFileType = sourcecode.swift; path = Comments_View_Controller.swift; sourceTree = "<group>"; };
		7539CCDC1F26E52D00DB2640 /* HerdTests.xctest */ = {isa = PBXFileReference; explicitFileType = wrapper.cfbundle; includeInIndex = 0; path = HerdTests.xctest; sourceTree = BUILT_PRODUCTS_DIR; };
		7539CCDE1F26E52D00DB2640 /* HerdTests.swift */ = {isa = PBXFileReference; lastKnownFileType = sourcecode.swift; path = HerdTests.swift; sourceTree = "<group>"; };
		7539CCE01F26E52D00DB2640 /* Info.plist */ = {isa = PBXFileReference; lastKnownFileType = text.plist.xml; path = Info.plist; sourceTree = "<group>"; };
		753EC5B01F158FA500477726 /* Comment_View.swift */ = {isa = PBXFileReference; fileEncoding = 4; lastKnownFileType = sourcecode.swift; path = Comment_View.swift; sourceTree = "<group>"; };
		75467C401F1B029E00F8752B /* Constants.swift */ = {isa = PBXFileReference; fileEncoding = 4; lastKnownFileType = sourcecode.swift; path = Constants.swift; sourceTree = "<group>"; };
		B999CE701F217E68003428BD /* CommentCell.swift */ = {isa = PBXFileReference; fileEncoding = 4; lastKnownFileType = sourcecode.swift; path = CommentCell.swift; sourceTree = "<group>"; };
		B999CE721F217E73003428BD /* CommentsTableViewController.swift */ = {isa = PBXFileReference; fileEncoding = 4; lastKnownFileType = sourcecode.swift; path = CommentsTableViewController.swift; sourceTree = "<group>"; };
		D32BD957D8D9742FE39165DB /* Pods_Herd.framework */ = {isa = PBXFileReference; explicitFileType = wrapper.framework; includeInIndex = 0; path = Pods_Herd.framework; sourceTree = BUILT_PRODUCTS_DIR; };
		D40E8EAEEDC8726C8DB37961 /* Pods-Herd.release.xcconfig */ = {isa = PBXFileReference; includeInIndex = 1; lastKnownFileType = text.xcconfig; name = "Pods-Herd.release.xcconfig"; path = "Pods/Target Support Files/Pods-Herd/Pods-Herd.release.xcconfig"; sourceTree = "<group>"; };
		F140C98898F07B46BE59A7A5 /* Pods-Herd.debug.xcconfig */ = {isa = PBXFileReference; includeInIndex = 1; lastKnownFileType = text.xcconfig; name = "Pods-Herd.debug.xcconfig"; path = "Pods/Target Support Files/Pods-Herd/Pods-Herd.debug.xcconfig"; sourceTree = "<group>"; };
		F40A0B261F0F365B00D8F907 /* Login_Location_Pending.swift */ = {isa = PBXFileReference; fileEncoding = 4; lastKnownFileType = sourcecode.swift; path = Login_Location_Pending.swift; sourceTree = "<group>"; };
		F40A0B281F0F42CB00D8F907 /* Login_Location_Pulled.swift */ = {isa = PBXFileReference; fileEncoding = 4; lastKnownFileType = sourcecode.swift; path = Login_Location_Pulled.swift; sourceTree = "<group>"; };
		F40A0B2C1F0FF87500D8F907 /* FuturaPTLight.otf */ = {isa = PBXFileReference; lastKnownFileType = file; path = FuturaPTLight.otf; sourceTree = "<group>"; };
		F43677BE1F132B5F005AF4C5 /* GoogleService-Info.plist */ = {isa = PBXFileReference; fileEncoding = 4; lastKnownFileType = text.plist.xml; path = "GoogleService-Info.plist"; sourceTree = "<group>"; };
		F4616C811EFCF8DF007EE41F /* Herd.app */ = {isa = PBXFileReference; explicitFileType = wrapper.application; includeInIndex = 0; path = Herd.app; sourceTree = BUILT_PRODUCTS_DIR; };
		F4616C841EFCF8DF007EE41F /* AppDelegate.swift */ = {isa = PBXFileReference; lastKnownFileType = sourcecode.swift; path = AppDelegate.swift; sourceTree = "<group>"; };
		F4616C8D1EFCF8DF007EE41F /* Base */ = {isa = PBXFileReference; lastKnownFileType = file.storyboard; name = Base; path = Base.lproj/Main.storyboard; sourceTree = "<group>"; };
		F4616C8F1EFCF8DF007EE41F /* Assets.xcassets */ = {isa = PBXFileReference; lastKnownFileType = folder.assetcatalog; path = Assets.xcassets; sourceTree = "<group>"; };
		F4616C921EFCF8DF007EE41F /* Base */ = {isa = PBXFileReference; lastKnownFileType = file.storyboard; name = Base; path = Base.lproj/LaunchScreen.storyboard; sourceTree = "<group>"; };
		F4616C941EFCF8DF007EE41F /* Info.plist */ = {isa = PBXFileReference; lastKnownFileType = text.plist.xml; path = Info.plist; sourceTree = "<group>"; };
		F4934A5F1F10020B00A2F83E /* Welcome_Dialog_Container_View.swift */ = {isa = PBXFileReference; fileEncoding = 4; lastKnownFileType = sourcecode.swift; path = Welcome_Dialog_Container_View.swift; sourceTree = "<group>"; };
		F4A57BFE1F12DC85002E86F7 /* PostCell.swift */ = {isa = PBXFileReference; fileEncoding = 4; lastKnownFileType = sourcecode.swift; path = PostCell.swift; sourceTree = "<group>"; };
		F4ADBFFE1F1EA82400C02C13 /* CreatePostViewController.swift */ = {isa = PBXFileReference; fileEncoding = 4; lastKnownFileType = sourcecode.swift; path = CreatePostViewController.swift; sourceTree = "<group>"; };
		F4D114C21F1EF936008B5986 /* PostStructure.swift */ = {isa = PBXFileReference; fileEncoding = 4; lastKnownFileType = sourcecode.swift; path = PostStructure.swift; sourceTree = "<group>"; };
		F4D6227F1F1155BF00820C3C /* Navigation_Controller.swift */ = {isa = PBXFileReference; fileEncoding = 4; lastKnownFileType = sourcecode.swift; path = Navigation_Controller.swift; sourceTree = "<group>"; };
		F4D622811F1155F500820C3C /* Hot_or_New_Post_TableView.swift */ = {isa = PBXFileReference; fileEncoding = 4; lastKnownFileType = sourcecode.swift; path = Hot_or_New_Post_TableView.swift; sourceTree = "<group>"; };
/* End PBXFileReference section */

/* Begin PBXFrameworksBuildPhase section */
		7539CCD91F26E52D00DB2640 /* Frameworks */ = {
			isa = PBXFrameworksBuildPhase;
			buildActionMask = 2147483647;
			files = (
			);
			runOnlyForDeploymentPostprocessing = 0;
		};
		F4616C7E1EFCF8DF007EE41F /* Frameworks */ = {
			isa = PBXFrameworksBuildPhase;
			buildActionMask = 2147483647;
			files = (
				380B8FDB0315548983B3A03C /* Pods_Herd.framework in Frameworks */,
			);
			runOnlyForDeploymentPostprocessing = 0;
		};
/* End PBXFrameworksBuildPhase section */

/* Begin PBXGroup section */
		7539CCDD1F26E52D00DB2640 /* HerdTests */ = {
			isa = PBXGroup;
			children = (
				7539CCDE1F26E52D00DB2640 /* HerdTests.swift */,
				7539CCE01F26E52D00DB2640 /* Info.plist */,
			);
			path = HerdTests;
			sourceTree = "<group>";
		};
		89012DEADD9B586F55ABB0EA /* Frameworks */ = {
			isa = PBXGroup;
			children = (
				D32BD957D8D9742FE39165DB /* Pods_Herd.framework */,
			);
			name = Frameworks;
			sourceTree = "<group>";
		};
		F4616C781EFCF8DE007EE41F = {
			isa = PBXGroup;
			children = (
				F4616C831EFCF8DF007EE41F /* Herd */,
				7539CCDD1F26E52D00DB2640 /* HerdTests */,
				F4616C821EFCF8DF007EE41F /* Products */,
				FD2693714E4D8D6EDC3FE999 /* Pods */,
				89012DEADD9B586F55ABB0EA /* Frameworks */,
			);
			sourceTree = "<group>";
		};
		F4616C821EFCF8DF007EE41F /* Products */ = {
			isa = PBXGroup;
			children = (
				F4616C811EFCF8DF007EE41F /* Herd.app */,
				7539CCDC1F26E52D00DB2640 /* HerdTests.xctest */,
			);
			name = Products;
			sourceTree = "<group>";
		};
		F4616C831EFCF8DF007EE41F /* Herd */ = {
			isa = PBXGroup;
			children = (
				F4616C841EFCF8DF007EE41F /* AppDelegate.swift */,
				F40A0B261F0F365B00D8F907 /* Login_Location_Pending.swift */,
				F40A0B281F0F42CB00D8F907 /* Login_Location_Pulled.swift */,
				F4934A5F1F10020B00A2F83E /* Welcome_Dialog_Container_View.swift */,
				F4616C8C1EFCF8DF007EE41F /* Main.storyboard */,
				B999CE701F217E68003428BD /* CommentCell.swift */,
				752EE7241F29977A0017AFEA /* Comments_View_Controller.swift */,
				B999CE721F217E73003428BD /* CommentsTableViewController.swift */,
				F4A57BFE1F12DC85002E86F7 /* PostCell.swift */,
				F4D6227F1F1155BF00820C3C /* Navigation_Controller.swift */,
				F4D622811F1155F500820C3C /* Hot_or_New_Post_TableView.swift */,
				F4D114C21F1EF936008B5986 /* PostStructure.swift */,
				F4616C8F1EFCF8DF007EE41F /* Assets.xcassets */,
				F40A0B2C1F0FF87500D8F907 /* FuturaPTLight.otf */,
				F4616C911EFCF8DF007EE41F /* LaunchScreen.storyboard */,
				F43677BE1F132B5F005AF4C5 /* GoogleService-Info.plist */,
				F4616C941EFCF8DF007EE41F /* Info.plist */,
				753EC5B01F158FA500477726 /* Comment_View.swift */,
				75467C401F1B029E00F8752B /* Constants.swift */,
				F4ADBFFE1F1EA82400C02C13 /* CreatePostViewController.swift */,
			);
			path = Herd;
			sourceTree = "<group>";
		};
		FD2693714E4D8D6EDC3FE999 /* Pods */ = {
			isa = PBXGroup;
			children = (
				F140C98898F07B46BE59A7A5 /* Pods-Herd.debug.xcconfig */,
				D40E8EAEEDC8726C8DB37961 /* Pods-Herd.release.xcconfig */,
			);
			name = Pods;
			sourceTree = "<group>";
		};
/* End PBXGroup section */

/* Begin PBXNativeTarget section */
		7539CCDB1F26E52D00DB2640 /* HerdTests */ = {
			isa = PBXNativeTarget;
			buildConfigurationList = 7539CCE31F26E52D00DB2640 /* Build configuration list for PBXNativeTarget "HerdTests" */;
			buildPhases = (
				7539CCD81F26E52D00DB2640 /* Sources */,
				7539CCD91F26E52D00DB2640 /* Frameworks */,
				7539CCDA1F26E52D00DB2640 /* Resources */,
			);
			buildRules = (
			);
			dependencies = (
				7539CCE21F26E52D00DB2640 /* PBXTargetDependency */,
			);
			name = HerdTests;
			productName = HerdTests;
			productReference = 7539CCDC1F26E52D00DB2640 /* HerdTests.xctest */;
			productType = "com.apple.product-type.bundle.unit-test";
		};
		F4616C801EFCF8DF007EE41F /* Herd */ = {
			isa = PBXNativeTarget;
			buildConfigurationList = F4616C971EFCF8DF007EE41F /* Build configuration list for PBXNativeTarget "Herd" */;
			buildPhases = (
				87127EF0FD0788537C809520 /* [CP] Check Pods Manifest.lock */,
				F4616C7D1EFCF8DF007EE41F /* Sources */,
				F4616C7E1EFCF8DF007EE41F /* Frameworks */,
				F4616C7F1EFCF8DF007EE41F /* Resources */,
				7271D93AD004DFE6E626B6D7 /* [CP] Embed Pods Frameworks */,
				8DD4B5B11ADCC37AA9D9F026 /* [CP] Copy Pods Resources */,
			);
			buildRules = (
			);
			dependencies = (
			);
			name = Herd;
			productName = Herd;
			productReference = F4616C811EFCF8DF007EE41F /* Herd.app */;
			productType = "com.apple.product-type.application";
		};
/* End PBXNativeTarget section */

/* Begin PBXProject section */
		F4616C791EFCF8DE007EE41F /* Project object */ = {
			isa = PBXProject;
			attributes = {
				LastSwiftUpdateCheck = 0830;
				LastUpgradeCheck = 0830;
				ORGANIZATIONNAME = Herd;
				TargetAttributes = {
					7539CCDB1F26E52D00DB2640 = {
						CreatedOnToolsVersion = 8.3.3;
						DevelopmentTeam = 6MHJQS6ZE3;
						ProvisioningStyle = Automatic;
						TestTargetID = F4616C801EFCF8DF007EE41F;
					};
					F4616C801EFCF8DF007EE41F = {
						CreatedOnToolsVersion = 8.3.2;
						DevelopmentTeam = 6MHJQS6ZE3;
						ProvisioningStyle = Automatic;
						SystemCapabilities = {
							com.apple.Maps.iOS = {
								enabled = 0;
							};
						};
					};
				};
			};
			buildConfigurationList = F4616C7C1EFCF8DE007EE41F /* Build configuration list for PBXProject "Herd" */;
			compatibilityVersion = "Xcode 3.2";
			developmentRegion = English;
			hasScannedForEncodings = 0;
			knownRegions = (
				en,
				Base,
			);
			mainGroup = F4616C781EFCF8DE007EE41F;
			productRefGroup = F4616C821EFCF8DF007EE41F /* Products */;
			projectDirPath = "";
			projectRoot = "";
			targets = (
				F4616C801EFCF8DF007EE41F /* Herd */,
				7539CCDB1F26E52D00DB2640 /* HerdTests */,
			);
		};
/* End PBXProject section */

/* Begin PBXResourcesBuildPhase section */
		7539CCDA1F26E52D00DB2640 /* Resources */ = {
			isa = PBXResourcesBuildPhase;
			buildActionMask = 2147483647;
			files = (
			);
			runOnlyForDeploymentPostprocessing = 0;
		};
		F4616C7F1EFCF8DF007EE41F /* Resources */ = {
			isa = PBXResourcesBuildPhase;
			buildActionMask = 2147483647;
			files = (
				F4616C931EFCF8DF007EE41F /* LaunchScreen.storyboard in Resources */,
				F4616C901EFCF8DF007EE41F /* Assets.xcassets in Resources */,
				F43677BF1F132B5F005AF4C5 /* GoogleService-Info.plist in Resources */,
				F4616C8E1EFCF8DF007EE41F /* Main.storyboard in Resources */,
				F40A0B2D1F0FF87500D8F907 /* FuturaPTLight.otf in Resources */,
			);
			runOnlyForDeploymentPostprocessing = 0;
		};
/* End PBXResourcesBuildPhase section */

/* Begin PBXShellScriptBuildPhase section */
		7271D93AD004DFE6E626B6D7 /* [CP] Embed Pods Frameworks */ = {
			isa = PBXShellScriptBuildPhase;
			buildActionMask = 2147483647;
			files = (
			);
			inputPaths = (
			);
			name = "[CP] Embed Pods Frameworks";
			outputPaths = (
			);
			runOnlyForDeploymentPostprocessing = 0;
			shellPath = /bin/sh;
			shellScript = "\"${SRCROOT}/Pods/Target Support Files/Pods-Herd/Pods-Herd-frameworks.sh\"\n";
			showEnvVarsInLog = 0;
		};
		87127EF0FD0788537C809520 /* [CP] Check Pods Manifest.lock */ = {
			isa = PBXShellScriptBuildPhase;
			buildActionMask = 2147483647;
			files = (
			);
			inputPaths = (
			);
			name = "[CP] Check Pods Manifest.lock";
			outputPaths = (
			);
			runOnlyForDeploymentPostprocessing = 0;
			shellPath = /bin/sh;
			shellScript = "diff \"${PODS_PODFILE_DIR_PATH}/Podfile.lock\" \"${PODS_ROOT}/Manifest.lock\" > /dev/null\nif [ $? != 0 ] ; then\n    # print error to STDERR\n    echo \"error: The sandbox is not in sync with the Podfile.lock. Run 'pod install' or update your CocoaPods installation.\" >&2\n    exit 1\nfi\n";
			showEnvVarsInLog = 0;
		};
		8DD4B5B11ADCC37AA9D9F026 /* [CP] Copy Pods Resources */ = {
			isa = PBXShellScriptBuildPhase;
			buildActionMask = 2147483647;
			files = (
			);
			inputPaths = (
			);
			name = "[CP] Copy Pods Resources";
			outputPaths = (
			);
			runOnlyForDeploymentPostprocessing = 0;
			shellPath = /bin/sh;
			shellScript = "\"${SRCROOT}/Pods/Target Support Files/Pods-Herd/Pods-Herd-resources.sh\"\n";
			showEnvVarsInLog = 0;
		};
/* End PBXShellScriptBuildPhase section */

/* Begin PBXSourcesBuildPhase section */
		7539CCD81F26E52D00DB2640 /* Sources */ = {
			isa = PBXSourcesBuildPhase;
			buildActionMask = 2147483647;
			files = (
				7539CCDF1F26E52D00DB2640 /* HerdTests.swift in Sources */,
			);
			runOnlyForDeploymentPostprocessing = 0;
		};
		F4616C7D1EFCF8DF007EE41F /* Sources */ = {
			isa = PBXSourcesBuildPhase;
			buildActionMask = 2147483647;
			files = (
				F4A57BFF1F12DC85002E86F7 /* PostCell.swift in Sources */,
				75467C411F1B029E00F8752B /* Constants.swift in Sources */,
				B999CE731F217E73003428BD /* CommentsTableViewController.swift in Sources */,
				F4934A601F10020B00A2F83E /* Welcome_Dialog_Container_View.swift in Sources */,
				F4D114C31F1EF936008B5986 /* PostStructure.swift in Sources */,
				753EC5B11F158FA500477726 /* Comment_View.swift in Sources */,
				F4616C851EFCF8DF007EE41F /* AppDelegate.swift in Sources */,
				F4D622801F1155BF00820C3C /* Navigation_Controller.swift in Sources */,
				752EE7251F29977A0017AFEA /* Comments_View_Controller.swift in Sources */,
				F40A0B291F0F42CB00D8F907 /* Login_Location_Pulled.swift in Sources */,
				F4ADBFFF1F1EA82400C02C13 /* CreatePostViewController.swift in Sources */,
				F40A0B271F0F365B00D8F907 /* Login_Location_Pending.swift in Sources */,
				F4D622821F1155F500820C3C /* Hot_or_New_Post_TableView.swift in Sources */,
				B999CE711F217E68003428BD /* CommentCell.swift in Sources */,
			);
			runOnlyForDeploymentPostprocessing = 0;
		};
/* End PBXSourcesBuildPhase section */

/* Begin PBXTargetDependency section */
		7539CCE21F26E52D00DB2640 /* PBXTargetDependency */ = {
			isa = PBXTargetDependency;
			target = F4616C801EFCF8DF007EE41F /* Herd */;
			targetProxy = 7539CCE11F26E52D00DB2640 /* PBXContainerItemProxy */;
		};
/* End PBXTargetDependency section */

/* Begin PBXVariantGroup section */
		F4616C8C1EFCF8DF007EE41F /* Main.storyboard */ = {
			isa = PBXVariantGroup;
			children = (
				F4616C8D1EFCF8DF007EE41F /* Base */,
			);
			name = Main.storyboard;
			sourceTree = "<group>";
		};
		F4616C911EFCF8DF007EE41F /* LaunchScreen.storyboard */ = {
			isa = PBXVariantGroup;
			children = (
				F4616C921EFCF8DF007EE41F /* Base */,
			);
			name = LaunchScreen.storyboard;
			sourceTree = "<group>";
		};
/* End PBXVariantGroup section */

/* Begin XCBuildConfiguration section */
		7539CCE41F26E52D00DB2640 /* Debug */ = {
			isa = XCBuildConfiguration;
			buildSettings = {
				BUNDLE_LOADER = "$(TEST_HOST)";
				DEVELOPMENT_TEAM = 6MHJQS6ZE3;
				HEADER_SEARCH_PATHS = "";
				INFOPLIST_FILE = HerdTests/Info.plist;
				LD_RUNPATH_SEARCH_PATHS = "$(inherited) @executable_path/Frameworks @loader_path/Frameworks";
				PRODUCT_BUNDLE_IDENTIFIER = com.HerdApp.Herd.HerdTests;
				PRODUCT_NAME = "$(TARGET_NAME)";
				SWIFT_VERSION = 3.0;
				TEST_HOST = "$(BUILT_PRODUCTS_DIR)/Herd.app/Herd";
			};
			name = Debug;
		};
		7539CCE51F26E52D00DB2640 /* Release */ = {
			isa = XCBuildConfiguration;
			buildSettings = {
				BUNDLE_LOADER = "$(TEST_HOST)";
				DEVELOPMENT_TEAM = 6MHJQS6ZE3;
				HEADER_SEARCH_PATHS = "";
				INFOPLIST_FILE = HerdTests/Info.plist;
				LD_RUNPATH_SEARCH_PATHS = "$(inherited) @executable_path/Frameworks @loader_path/Frameworks";
				PRODUCT_BUNDLE_IDENTIFIER = com.HerdApp.Herd.HerdTests;
				PRODUCT_NAME = "$(TARGET_NAME)";
				SWIFT_VERSION = 3.0;
				TEST_HOST = "$(BUILT_PRODUCTS_DIR)/Herd.app/Herd";
			};
			name = Release;
		};
		F4616C951EFCF8DF007EE41F /* Debug */ = {
			isa = XCBuildConfiguration;
			buildSettings = {
				ALWAYS_SEARCH_USER_PATHS = NO;
				CLANG_ANALYZER_NONNULL = YES;
				CLANG_ANALYZER_NUMBER_OBJECT_CONVERSION = YES_AGGRESSIVE;
				CLANG_CXX_LANGUAGE_STANDARD = "gnu++0x";
				CLANG_CXX_LIBRARY = "libc++";
				CLANG_ENABLE_MODULES = YES;
				CLANG_ENABLE_OBJC_ARC = YES;
				CLANG_WARN_BOOL_CONVERSION = YES;
				CLANG_WARN_CONSTANT_CONVERSION = YES;
				CLANG_WARN_DIRECT_OBJC_ISA_USAGE = YES_ERROR;
				CLANG_WARN_DOCUMENTATION_COMMENTS = YES;
				CLANG_WARN_EMPTY_BODY = YES;
				CLANG_WARN_ENUM_CONVERSION = YES;
				CLANG_WARN_INFINITE_RECURSION = YES;
				CLANG_WARN_INT_CONVERSION = YES;
				CLANG_WARN_OBJC_ROOT_CLASS = YES_ERROR;
				CLANG_WARN_SUSPICIOUS_MOVE = YES;
				CLANG_WARN_UNREACHABLE_CODE = YES;
				CLANG_WARN__DUPLICATE_METHOD_MATCH = YES;
				"CODE_SIGN_IDENTITY[sdk=iphoneos*]" = "iPhone Developer";
				COPY_PHASE_STRIP = NO;
				DEBUG_INFORMATION_FORMAT = dwarf;
				ENABLE_STRICT_OBJC_MSGSEND = YES;
				ENABLE_TESTABILITY = YES;
				GCC_C_LANGUAGE_STANDARD = gnu99;
				GCC_DYNAMIC_NO_PIC = NO;
				GCC_NO_COMMON_BLOCKS = YES;
				GCC_OPTIMIZATION_LEVEL = 0;
				GCC_PREPROCESSOR_DEFINITIONS = (
					"DEBUG=1",
					"$(inherited)",
				);
				GCC_WARN_64_TO_32_BIT_CONVERSION = YES;
				GCC_WARN_ABOUT_RETURN_TYPE = YES_ERROR;
				GCC_WARN_UNDECLARED_SELECTOR = YES;
				GCC_WARN_UNINITIALIZED_AUTOS = YES_AGGRESSIVE;
				GCC_WARN_UNUSED_FUNCTION = YES;
				GCC_WARN_UNUSED_VARIABLE = YES;
				IPHONEOS_DEPLOYMENT_TARGET = 10.3;
				MTL_ENABLE_DEBUG_INFO = YES;
				ONLY_ACTIVE_ARCH = YES;
				SDKROOT = iphoneos;
				SWIFT_ACTIVE_COMPILATION_CONDITIONS = DEBUG;
				SWIFT_OPTIMIZATION_LEVEL = "-Onone";
			};
			name = Debug;
		};
		F4616C961EFCF8DF007EE41F /* Release */ = {
			isa = XCBuildConfiguration;
			buildSettings = {
				ALWAYS_SEARCH_USER_PATHS = NO;
				CLANG_ANALYZER_NONNULL = YES;
				CLANG_ANALYZER_NUMBER_OBJECT_CONVERSION = YES_AGGRESSIVE;
				CLANG_CXX_LANGUAGE_STANDARD = "gnu++0x";
				CLANG_CXX_LIBRARY = "libc++";
				CLANG_ENABLE_MODULES = YES;
				CLANG_ENABLE_OBJC_ARC = YES;
				CLANG_WARN_BOOL_CONVERSION = YES;
				CLANG_WARN_CONSTANT_CONVERSION = YES;
				CLANG_WARN_DIRECT_OBJC_ISA_USAGE = YES_ERROR;
				CLANG_WARN_DOCUMENTATION_COMMENTS = YES;
				CLANG_WARN_EMPTY_BODY = YES;
				CLANG_WARN_ENUM_CONVERSION = YES;
				CLANG_WARN_INFINITE_RECURSION = YES;
				CLANG_WARN_INT_CONVERSION = YES;
				CLANG_WARN_OBJC_ROOT_CLASS = YES_ERROR;
				CLANG_WARN_SUSPICIOUS_MOVE = YES;
				CLANG_WARN_UNREACHABLE_CODE = YES;
				CLANG_WARN__DUPLICATE_METHOD_MATCH = YES;
				"CODE_SIGN_IDENTITY[sdk=iphoneos*]" = "iPhone Developer";
				COPY_PHASE_STRIP = NO;
				DEBUG_INFORMATION_FORMAT = "dwarf-with-dsym";
				ENABLE_NS_ASSERTIONS = NO;
				ENABLE_STRICT_OBJC_MSGSEND = YES;
				GCC_C_LANGUAGE_STANDARD = gnu99;
				GCC_NO_COMMON_BLOCKS = YES;
				GCC_WARN_64_TO_32_BIT_CONVERSION = YES;
				GCC_WARN_ABOUT_RETURN_TYPE = YES_ERROR;
				GCC_WARN_UNDECLARED_SELECTOR = YES;
				GCC_WARN_UNINITIALIZED_AUTOS = YES_AGGRESSIVE;
				GCC_WARN_UNUSED_FUNCTION = YES;
				GCC_WARN_UNUSED_VARIABLE = YES;
				IPHONEOS_DEPLOYMENT_TARGET = 10.3;
				MTL_ENABLE_DEBUG_INFO = NO;
				SDKROOT = iphoneos;
				SWIFT_OPTIMIZATION_LEVEL = "-Owholemodule";
				VALIDATE_PRODUCT = YES;
			};
			name = Release;
		};
		F4616C981EFCF8DF007EE41F /* Debug */ = {
			isa = XCBuildConfiguration;
			baseConfigurationReference = F140C98898F07B46BE59A7A5 /* Pods-Herd.debug.xcconfig */;
			buildSettings = {
				ASSETCATALOG_COMPILER_APPICON_NAME = AppIcon;
				DEVELOPMENT_TEAM = 6MHJQS6ZE3;
				INFOPLIST_FILE = Herd/Info.plist;
				LD_RUNPATH_SEARCH_PATHS = "$(inherited) @executable_path/Frameworks";
				PRODUCT_BUNDLE_IDENTIFIER = com.HerdApp.Herd;
				PRODUCT_NAME = "$(TARGET_NAME)";
				SWIFT_VERSION = 3.0;
			};
			name = Debug;
		};
		F4616C991EFCF8DF007EE41F /* Release */ = {
			isa = XCBuildConfiguration;
			baseConfigurationReference = D40E8EAEEDC8726C8DB37961 /* Pods-Herd.release.xcconfig */;
			buildSettings = {
				ASSETCATALOG_COMPILER_APPICON_NAME = AppIcon;
				DEVELOPMENT_TEAM = 6MHJQS6ZE3;
				INFOPLIST_FILE = Herd/Info.plist;
				LD_RUNPATH_SEARCH_PATHS = "$(inherited) @executable_path/Frameworks";
				PRODUCT_BUNDLE_IDENTIFIER = com.HerdApp.Herd;
				PRODUCT_NAME = "$(TARGET_NAME)";
				SWIFT_VERSION = 3.0;
			};
			name = Release;
		};
/* End XCBuildConfiguration section */

/* Begin XCConfigurationList section */
		7539CCE31F26E52D00DB2640 /* Build configuration list for PBXNativeTarget "HerdTests" */ = {
			isa = XCConfigurationList;
			buildConfigurations = (
				7539CCE41F26E52D00DB2640 /* Debug */,
				7539CCE51F26E52D00DB2640 /* Release */,
			);
			defaultConfigurationIsVisible = 0;
			defaultConfigurationName = Release;
		};
		F4616C7C1EFCF8DE007EE41F /* Build configuration list for PBXProject "Herd" */ = {
			isa = XCConfigurationList;
			buildConfigurations = (
				F4616C951EFCF8DF007EE41F /* Debug */,
				F4616C961EFCF8DF007EE41F /* Release */,
			);
			defaultConfigurationIsVisible = 0;
			defaultConfigurationName = Release;
		};
		F4616C971EFCF8DF007EE41F /* Build configuration list for PBXNativeTarget "Herd" */ = {
			isa = XCConfigurationList;
			buildConfigurations = (
				F4616C981EFCF8DF007EE41F /* Debug */,
				F4616C991EFCF8DF007EE41F /* Release */,
			);
			defaultConfigurationIsVisible = 0;
			defaultConfigurationName = Release;
		};
/* End XCConfigurationList section */
	};
	rootObject = F4616C791EFCF8DE007EE41F /* Project object */;
}
